
Microsoft Visual Studio Solution File, Format Version 12.00
# Visual Studio Version 17
VisualStudioVersion = 17.0.31912.275
MinimumVisualStudioVersion = 10.0.40219.1
Project("{9A19103F-16F7-4668-BE54-9A1E7A4F7556}") = "FortniteReplayReader", "FortniteReplayReader\FortniteReplayReader.csproj", "{21EC486F-157C-483C-A49C-A2D2A56FED55}"
EndProject
Project("{9A19103F-16F7-4668-BE54-9A1E7A4F7556}") = "ConsoleReader", "ConsoleReader\ConsoleReader.csproj", "{A65BE8CF-EA6C-4D69-B6CD-DA097318DE44}"
EndProject
Project("{9A19103F-16F7-4668-BE54-9A1E7A4F7556}") = "Unreal.Core.Test", "Unreal.Core.Test\Unreal.Core.Test.csproj", "{4F2E3153-B26D-4EDA-B1DE-FB2FA8B59CEE}"
EndProject
Project("{9A19103F-16F7-4668-BE54-9A1E7A4F7556}") = "Unreal.Core", "Unreal.Core\Unreal.Core.csproj", "{BDA4D18D-AE0A-4C25-98C9-34C8814422F0}"
EndProject
Project("{9A19103F-16F7-4668-BE54-9A1E7A4F7556}") = "Unreal.Encryption", "Unreal.Encryption\Unreal.Encryption.csproj", "{2EDD40F7-5739-4E02-9CAE-62D546FE78A1}"
EndProject
Project("{9A19103F-16F7-4668-BE54-9A1E7A4F7556}") = "Unreal.Encryption.Test", "Unreal.Encryption.Test\Unreal.Encryption.Test.csproj", "{40D27CC0-1B5B-4636-9321-0D05BE1D86BA}"
EndProject
Project("{9A19103F-16F7-4668-BE54-9A1E7A4F7556}") = "FortniteReplayReader.Test", "FortniteReplayReader.Test\FortniteReplayReader.Test.csproj", "{EBA0CE49-9A74-47B2-B789-9F2AE57C36D1}"
EndProject
Project("{9A19103F-16F7-4668-BE54-9A1E7A4F7556}") = "BenchmarkReader", "BenchmarkReader\BenchmarkReader.csproj", "{68C3621F-AD70-4117-9E80-DEED38DDDCA5}"
EndProject
Project("{9A19103F-16F7-4668-BE54-9A1E7A4F7556}") = "OozSharp", "OozSharp\OozSharp.csproj", "{AEB7BF1A-FB44-4B6E-84F4-7A488AAA80DF}"
EndProject
Project("{9A19103F-16F7-4668-BE54-9A1E7A4F7556}") = "OozSharp.Test", "OozSharp.Test\OozSharp.Test.csproj", "{B7F2666C-82CE-4B32-BD2D-4F0F806AA8F7}"
EndProject
Project("{2150E333-8FDC-42A3-9474-1A3956D46DE8}") = "Solution Items", "Solution Items", "{223EF4B5-E42A-494D-BA0B-4E22E97ED281}"
	ProjectSection(SolutionItems) = preProject
		.editorconfig = .editorconfig
		..\.github\workflows\build.yml = ..\.github\workflows\build.yml
		..\CHANGELOG.md = ..\CHANGELOG.md
		..\.github\workflows\publish.yml = ..\.github\workflows\publish.yml
		..\README.md = ..\README.md
	EndProjectSection
EndProject
Global
	GlobalSection(SolutionConfigurationPlatforms) = preSolution
		Debug|Any CPU = Debug|Any CPU
		Release|Any CPU = Release|Any CPU
	EndGlobalSection
	GlobalSection(ProjectConfigurationPlatforms) = postSolution
		{21EC486F-157C-483C-A49C-A2D2A56FED55}.Debug|Any CPU.ActiveCfg = Debug|Any CPU
		{21EC486F-157C-483C-A49C-A2D2A56FED55}.Debug|Any CPU.Build.0 = Debug|Any CPU
		{21EC486F-157C-483C-A49C-A2D2A56FED55}.Release|Any CPU.ActiveCfg = Release|Any CPU
		{21EC486F-157C-483C-A49C-A2D2A56FED55}.Release|Any CPU.Build.0 = Release|Any CPU
		{A65BE8CF-EA6C-4D69-B6CD-DA097318DE44}.Debug|Any CPU.ActiveCfg = Debug|Any CPU
		{A65BE8CF-EA6C-4D69-B6CD-DA097318DE44}.Debug|Any CPU.Build.0 = Debug|Any CPU
		{A65BE8CF-EA6C-4D69-B6CD-DA097318DE44}.Release|Any CPU.ActiveCfg = Release|Any CPU
		{A65BE8CF-EA6C-4D69-B6CD-DA097318DE44}.Release|Any CPU.Build.0 = Release|Any CPU
		{4F2E3153-B26D-4EDA-B1DE-FB2FA8B59CEE}.Debug|Any CPU.ActiveCfg = Debug|Any CPU
		{4F2E3153-B26D-4EDA-B1DE-FB2FA8B59CEE}.Debug|Any CPU.Build.0 = Debug|Any CPU
		{4F2E3153-B26D-4EDA-B1DE-FB2FA8B59CEE}.Release|Any CPU.ActiveCfg = Release|Any CPU
		{4F2E3153-B26D-4EDA-B1DE-FB2FA8B59CEE}.Release|Any CPU.Build.0 = Release|Any CPU
		{BDA4D18D-AE0A-4C25-98C9-34C8814422F0}.Debug|Any CPU.ActiveCfg = Debug|Any CPU
		{BDA4D18D-AE0A-4C25-98C9-34C8814422F0}.Debug|Any CPU.Build.0 = Debug|Any CPU
		{BDA4D18D-AE0A-4C25-98C9-34C8814422F0}.Release|Any CPU.ActiveCfg = Release|Any CPU
		{BDA4D18D-AE0A-4C25-98C9-34C8814422F0}.Release|Any CPU.Build.0 = Release|Any CPU
		{2EDD40F7-5739-4E02-9CAE-62D546FE78A1}.Debug|Any CPU.ActiveCfg = Debug|Any CPU
		{2EDD40F7-5739-4E02-9CAE-62D546FE78A1}.Debug|Any CPU.Build.0 = Debug|Any CPU
		{2EDD40F7-5739-4E02-9CAE-62D546FE78A1}.Release|Any CPU.ActiveCfg = Release|Any CPU
		{2EDD40F7-5739-4E02-9CAE-62D546FE78A1}.Release|Any CPU.Build.0 = Release|Any CPU
		{40D27CC0-1B5B-4636-9321-0D05BE1D86BA}.Debug|Any CPU.ActiveCfg = Debug|Any CPU
		{40D27CC0-1B5B-4636-9321-0D05BE1D86BA}.Debug|Any CPU.Build.0 = Debug|Any CPU
		{40D27CC0-1B5B-4636-9321-0D05BE1D86BA}.Release|Any CPU.ActiveCfg = Release|Any CPU
		{40D27CC0-1B5B-4636-9321-0D05BE1D86BA}.Release|Any CPU.Build.0 = Release|Any CPU
		{EBA0CE49-9A74-47B2-B789-9F2AE57C36D1}.Debug|Any CPU.ActiveCfg = Debug|Any CPU
		{EBA0CE49-9A74-47B2-B789-9F2AE57C36D1}.Debug|Any CPU.Build.0 = Debug|Any CPU
		{EBA0CE49-9A74-47B2-B789-9F2AE57C36D1}.Release|Any CPU.ActiveCfg = Release|Any CPU
		{EBA0CE49-9A74-47B2-B789-9F2AE57C36D1}.Release|Any CPU.Build.0 = Release|Any CPU
		{68C3621F-AD70-4117-9E80-DEED38DDDCA5}.Debug|Any CPU.ActiveCfg = Debug|Any CPU
		{68C3621F-AD70-4117-9E80-DEED38DDDCA5}.Debug|Any CPU.Build.0 = Debug|Any CPU
		{68C3621F-AD70-4117-9E80-DEED38DDDCA5}.Release|Any CPU.ActiveCfg = Release|Any CPU
		{68C3621F-AD70-4117-9E80-DEED38DDDCA5}.Release|Any CPU.Build.0 = Release|Any CPU
		{AEB7BF1A-FB44-4B6E-84F4-7A488AAA80DF}.Debug|Any CPU.ActiveCfg = Debug|Any CPU
		{AEB7BF1A-FB44-4B6E-84F4-7A488AAA80DF}.Debug|Any CPU.Build.0 = Debug|Any CPU
		{AEB7BF1A-FB44-4B6E-84F4-7A488AAA80DF}.Release|Any CPU.ActiveCfg = Release|Any CPU
		{AEB7BF1A-FB44-4B6E-84F4-7A488AAA80DF}.Release|Any CPU.Build.0 = Release|Any CPU
		{B7F2666C-82CE-4B32-BD2D-4F0F806AA8F7}.Debug|Any CPU.ActiveCfg = Debug|Any CPU
		{B7F2666C-82CE-4B32-BD2D-4F0F806AA8F7}.Debug|Any CPU.Build.0 = Debug|Any CPU
		{B7F2666C-82CE-4B32-BD2D-4F0F806AA8F7}.Release|Any CPU.ActiveCfg = Release|Any CPU
		{B7F2666C-82CE-4B32-BD2D-4F0F806AA8F7}.Release|Any CPU.Build.0 = Release|Any CPU
	EndGlobalSection
	GlobalSection(SolutionProperties) = preSolution
		HideSolutionNode = FALSE
	EndGlobalSection
	GlobalSection(ExtensibilityGlobals) = postSolution
		SolutionGuid = {93089AB0-CCC5-44C8-AF62-55F08A8CF331}
	EndGlobalSection
EndGlobal
